# This file is automatically @generated by Cargo.
# It is not intended for manual editing.
version = 4

[[package]]
name = "common"
version = "0.1.0"

[[package]]
name = "lab1"
version = "0.1.0"
dependencies = [
 "common",
]

[[package]]
name = "lab1_bin"
version = "0.1.0"
dependencies = [
 "common",
 "lab1",
]

[[package]]
name = "lab2"
version = "0.1.0"
dependencies = [
 "common",
]

[[package]]
name = "lab2_bin"
version = "0.1.0"
dependencies = [
 "common",
 "lab2",
]

[[package]]
name = "lab3"
version = "0.1.0"
